
Microsoft Visual Studio Solution File, Format Version 12.00
# Visual Studio Version 16
VisualStudioVersion = 16.0.810.23
MinimumVisualStudioVersion = 10.0.40219.1
Project("{FAE04EC0-301F-11D3-BF4B-00C04F79EFBC}") = "SelectionStatementsSwitch", "SelectionStatementsSwitch\SelectionStatementsSwitch.csproj", "{16216B66-41C2-42B7-AB75-CB7C400D0720}"
EndProject
Global
	GlobalSection(SolutionConfigurationPlatforms) = preSolution
		Debug|Any CPU = Debug|Any CPU
		Release|Any CPU = Release|Any CPU
	EndGlobalSection
	GlobalSection(ProjectConfigurationPlatforms) = postSolution
		{16216B66-41C2-42B7-AB75-CB7C400D0720}.Debug|Any CPU.ActiveCfg = Debug|Any CPU
		{16216B66-41C2-42B7-AB75-CB7C400D0720}.Debug|Any CPU.Build.0 = Debug|Any CPU
		{16216B66-41C2-42B7-AB75-CB7C400D0720}.Release|Any CPU.ActiveCfg = Release|Any CPU
		{16216B66-41C2-42B7-AB75-CB7C400D0720}.Release|Any CPU.Build.0 = Release|Any CPU
	EndGlobalSection
	GlobalSection(SolutionProperties) = preSolution
		HideSolutionNode = FALSE
	EndGlobalSection
	GlobalSection(ExtensibilityGlobals) = postSolution
		SolutionGuid = {391CC6E3-5413-4DB1-9318-D2096489F799}
	EndGlobalSection
EndGlobal
